
Microsoft Visual Studio Solution File, Format Version 12.00
# Visual Studio Version 16
VisualStudioVersion = 16.0.31205.134
MinimumVisualStudioVersion = 10.0.40219.1
Project("{00D1A9C2-B5F0-4AF3-8072-F6C62B433612}") = "batchTableTemplate", "batchTableTemplate\batchTableTemplate.sqlproj", "{A8195244-454A-4012-9799-6D849133E13D}"
EndProject
Project("{00D1A9C2-B5F0-4AF3-8072-F6C62B433612}") = "batchSourceObject", "batchSourceObject\batchSourceObject.sqlproj", "{AA0C0AC5-1F45-4BDA-A55D-582EA8CAD5C0}"
EndProject
Project("{00D1A9C2-B5F0-4AF3-8072-F6C62B433612}") = "batchTableTemplate_tSQLt", "batchTableTemplate_tSQLt\batchTableTemplate_tSQLt.sqlproj", "{2ABE5F95-569A-49F2-AFDE-707C776B5ACA}"
EndProject
Global
	GlobalSection(SolutionConfigurationPlatforms) = preSolution
		Debug|Any CPU = Debug|Any CPU
		Release|Any CPU = Release|Any CPU
	EndGlobalSection
	GlobalSection(ProjectConfigurationPlatforms) = postSolution
		{A8195244-454A-4012-9799-6D849133E13D}.Debug|Any CPU.ActiveCfg = Debug|Any CPU
		{A8195244-454A-4012-9799-6D849133E13D}.Debug|Any CPU.Build.0 = Debug|Any CPU
		{A8195244-454A-4012-9799-6D849133E13D}.Debug|Any CPU.Deploy.0 = Debug|Any CPU
		{A8195244-454A-4012-9799-6D849133E13D}.Release|Any CPU.ActiveCfg = Release|Any CPU
		{A8195244-454A-4012-9799-6D849133E13D}.Release|Any CPU.Build.0 = Release|Any CPU
		{A8195244-454A-4012-9799-6D849133E13D}.Release|Any CPU.Deploy.0 = Release|Any CPU
		{AA0C0AC5-1F45-4BDA-A55D-582EA8CAD5C0}.Debug|Any CPU.ActiveCfg = Debug|Any CPU
		{AA0C0AC5-1F45-4BDA-A55D-582EA8CAD5C0}.Debug|Any CPU.Build.0 = Debug|Any CPU
		{AA0C0AC5-1F45-4BDA-A55D-582EA8CAD5C0}.Debug|Any CPU.Deploy.0 = Debug|Any CPU
		{AA0C0AC5-1F45-4BDA-A55D-582EA8CAD5C0}.Release|Any CPU.ActiveCfg = Release|Any CPU
		{AA0C0AC5-1F45-4BDA-A55D-582EA8CAD5C0}.Release|Any CPU.Build.0 = Release|Any CPU
		{AA0C0AC5-1F45-4BDA-A55D-582EA8CAD5C0}.Release|Any CPU.Deploy.0 = Release|Any CPU
		{2ABE5F95-569A-49F2-AFDE-707C776B5ACA}.Debug|Any CPU.ActiveCfg = Debug|Any CPU
		{2ABE5F95-569A-49F2-AFDE-707C776B5ACA}.Debug|Any CPU.Build.0 = Debug|Any CPU
		{2ABE5F95-569A-49F2-AFDE-707C776B5ACA}.Debug|Any CPU.Deploy.0 = Debug|Any CPU
		{2ABE5F95-569A-49F2-AFDE-707C776B5ACA}.Release|Any CPU.ActiveCfg = Release|Any CPU
		{2ABE5F95-569A-49F2-AFDE-707C776B5ACA}.Release|Any CPU.Build.0 = Release|Any CPU
		{2ABE5F95-569A-49F2-AFDE-707C776B5ACA}.Release|Any CPU.Deploy.0 = Release|Any CPU
	EndGlobalSection
	GlobalSection(SolutionProperties) = preSolution
		HideSolutionNode = FALSE
	EndGlobalSection
	GlobalSection(ExtensibilityGlobals) = postSolution
		SolutionGuid = {DD16939E-5291-4115-BBAD-CC4EE278D212}
	EndGlobalSection
EndGlobal
